
Microsoft Visual Studio Solution File, Format Version 12.00
# Visual Studio Version 17
VisualStudioVersion = 17.11.35222.181
MinimumVisualStudioVersion = 10.0.40219.1
Project("{8BC9CEB8-8B4A-11D0-8D11-00A0C91BC942}") = "Problem_Set_3", "Problem_Set_3.vcxproj", "{D3B1EC2D-51AA-4909-BF66-8BF64A8BE5D5}"
EndProject
Global
	GlobalSection(SolutionConfigurationPlatforms) = preSolution
		Debug|x64 = Debug|x64
		Debug|x86 = Debug|x86
		Release|x64 = Release|x64
		Release|x86 = Release|x86
	EndGlobalSection
	GlobalSection(ProjectConfigurationPlatforms) = postSolution
		{D3B1EC2D-51AA-4909-BF66-8BF64A8BE5D5}.Debug|x64.ActiveCfg = Debug|x64
		{D3B1EC2D-51AA-4909-BF66-8BF64A8BE5D5}.Debug|x64.Build.0 = Debug|x64
		{D3B1EC2D-51AA-4909-BF66-8BF64A8BE5D5}.Debug|x86.ActiveCfg = Debug|Win32
		{D3B1EC2D-51AA-4909-BF66-8BF64A8BE5D5}.Debug|x86.Build.0 = Debug|Win32
		{D3B1EC2D-51AA-4909-BF66-8BF64A8BE5D5}.Release|x64.ActiveCfg = Release|x64
		{D3B1EC2D-51AA-4909-BF66-8BF64A8BE5D5}.Release|x64.Build.0 = Release|x64
		{D3B1EC2D-51AA-4909-BF66-8BF64A8BE5D5}.Release|x86.ActiveCfg = Release|Win32
		{D3B1EC2D-51AA-4909-BF66-8BF64A8BE5D5}.Release|x86.Build.0 = Release|Win32
	EndGlobalSection
	GlobalSection(SolutionProperties) = preSolution
		HideSolutionNode = FALSE
	EndGlobalSection
	GlobalSection(ExtensibilityGlobals) = postSolution
		SolutionGuid = {8314FC6C-2DE3-4AB8-8BE1-FFBE0A7A836D}
	EndGlobalSection
EndGlobal
